
Microsoft Visual Studio Solution File, Format Version 12.00
# Visual Studio Version 16
VisualStudioVersion = 16.0.31129.286
MinimumVisualStudioVersion = 10.0.40219.1
Project("{FAE04EC0-301F-11D3-BF4B-00C04F79EFBC}") = "SampleAppService", "SampleAppService\SampleAppService.csproj", "{8F99C7CF-FA4D-41F3-9EC8-6F1D05822279}"
EndProject
Global
	GlobalSection(SolutionConfigurationPlatforms) = preSolution
		Debug|Any CPU = Debug|Any CPU
		Release|Any CPU = Release|Any CPU
	EndGlobalSection
	GlobalSection(ProjectConfigurationPlatforms) = postSolution
		{8F99C7CF-FA4D-41F3-9EC8-6F1D05822279}.Debug|Any CPU.ActiveCfg = Debug|Any CPU
		{8F99C7CF-FA4D-41F3-9EC8-6F1D05822279}.Debug|Any CPU.Build.0 = Debug|Any CPU
		{8F99C7CF-FA4D-41F3-9EC8-6F1D05822279}.Release|Any CPU.ActiveCfg = Release|Any CPU
		{8F99C7CF-FA4D-41F3-9EC8-6F1D05822279}.Release|Any CPU.Build.0 = Release|Any CPU
	EndGlobalSection
	GlobalSection(SolutionProperties) = preSolution
		HideSolutionNode = FALSE
	EndGlobalSection
	GlobalSection(ExtensibilityGlobals) = postSolution
		SolutionGuid = {F3F19272-B884-4CDB-9BB2-F30BEFFDD192}
	EndGlobalSection
EndGlobal
